
Microsoft Visual Studio Solution File, Format Version 12.00
# Visual Studio Version 16
VisualStudioVersion = 16.0.30804.86
MinimumVisualStudioVersion = 10.0.40219.1
Project("{FAE04EC0-301F-11D3-BF4B-00C04F79EFBC}") = "hilos_deber", "hilos_deber\hilos_deber.csproj", "{DBA36ADC-399C-4FAC-845B-E05E83609F74}"
EndProject
Global
	GlobalSection(SolutionConfigurationPlatforms) = preSolution
		Debug|Any CPU = Debug|Any CPU
		Release|Any CPU = Release|Any CPU
	EndGlobalSection
	GlobalSection(ProjectConfigurationPlatforms) = postSolution
		{DBA36ADC-399C-4FAC-845B-E05E83609F74}.Debug|Any CPU.ActiveCfg = Debug|Any CPU
		{DBA36ADC-399C-4FAC-845B-E05E83609F74}.Debug|Any CPU.Build.0 = Debug|Any CPU
		{DBA36ADC-399C-4FAC-845B-E05E83609F74}.Release|Any CPU.ActiveCfg = Release|Any CPU
		{DBA36ADC-399C-4FAC-845B-E05E83609F74}.Release|Any CPU.Build.0 = Release|Any CPU
	EndGlobalSection
	GlobalSection(SolutionProperties) = preSolution
		HideSolutionNode = FALSE
	EndGlobalSection
	GlobalSection(ExtensibilityGlobals) = postSolution
		SolutionGuid = {CD7E78AA-3A97-4F5B-8DC4-C497C95D0945}
	EndGlobalSection
EndGlobal
